
Microsoft Visual Studio Solution File, Format Version 12.00
# Visual Studio Version 17
VisualStudioVersion = 17.13.35818.85 d17.13
MinimumVisualStudioVersion = 10.0.40219.1
Project("{FAE04EC0-301F-11D3-BF4B-00C04F79EFBC}") = "SocomDiscordRichPresence", "SocomDiscordRichPresence\SocomDiscordRichPresence.csproj", "{DDFD8C7F-AC20-4284-B2D5-22197B759041}"
EndProject
Global
	GlobalSection(SolutionConfigurationPlatforms) = preSolution
		Debug|Any CPU = Debug|Any CPU
		Release|Any CPU = Release|Any CPU
	EndGlobalSection
	GlobalSection(ProjectConfigurationPlatforms) = postSolution
		{DDFD8C7F-AC20-4284-B2D5-22197B759041}.Debug|Any CPU.ActiveCfg = Debug|Any CPU
		{DDFD8C7F-AC20-4284-B2D5-22197B759041}.Debug|Any CPU.Build.0 = Debug|Any CPU
		{DDFD8C7F-AC20-4284-B2D5-22197B759041}.Release|Any CPU.ActiveCfg = Release|Any CPU
		{DDFD8C7F-AC20-4284-B2D5-22197B759041}.Release|Any CPU.Build.0 = Release|Any CPU
	EndGlobalSection
	GlobalSection(SolutionProperties) = preSolution
		HideSolutionNode = FALSE
	EndGlobalSection
	GlobalSection(ExtensibilityGlobals) = postSolution
		SolutionGuid = {2FC8D434-8977-465C-B9C9-C1C70A8ACB77}
	EndGlobalSection
EndGlobal
